
Microsoft Visual Studio Solution File, Format Version 12.00
# Visual Studio Version 16
VisualStudioVersion = 16.0.31729.503
MinimumVisualStudioVersion = 10.0.40219.1
Project("{FAE04EC0-301F-11D3-BF4B-00C04F79EFBC}") = "EFPlusDemo", "EFPlusDemo\EFPlusDemo.csproj", "{02E26E40-5832-4708-B60F-68C000651065}"
EndProject
Project("{FAE04EC0-301F-11D3-BF4B-00C04F79EFBC}") = "AutoGen", "AutoGen\AutoGen.csproj", "{6E5A69B3-AEE3-4D49-98E0-ABE4B53B97EC}"
EndProject
Global
	GlobalSection(SolutionConfigurationPlatforms) = preSolution
		Debug|Any CPU = Debug|Any CPU
		Release|Any CPU = Release|Any CPU
	EndGlobalSection
	GlobalSection(ProjectConfigurationPlatforms) = postSolution
		{02E26E40-5832-4708-B60F-68C000651065}.Debug|Any CPU.ActiveCfg = Debug|Any CPU
		{02E26E40-5832-4708-B60F-68C000651065}.Debug|Any CPU.Build.0 = Debug|Any CPU
		{02E26E40-5832-4708-B60F-68C000651065}.Release|Any CPU.ActiveCfg = Release|Any CPU
		{02E26E40-5832-4708-B60F-68C000651065}.Release|Any CPU.Build.0 = Release|Any CPU
		{6E5A69B3-AEE3-4D49-98E0-ABE4B53B97EC}.Debug|Any CPU.ActiveCfg = Debug|Any CPU
		{6E5A69B3-AEE3-4D49-98E0-ABE4B53B97EC}.Debug|Any CPU.Build.0 = Debug|Any CPU
		{6E5A69B3-AEE3-4D49-98E0-ABE4B53B97EC}.Release|Any CPU.ActiveCfg = Release|Any CPU
		{6E5A69B3-AEE3-4D49-98E0-ABE4B53B97EC}.Release|Any CPU.Build.0 = Release|Any CPU
	EndGlobalSection
	GlobalSection(SolutionProperties) = preSolution
		HideSolutionNode = FALSE
	EndGlobalSection
	GlobalSection(ExtensibilityGlobals) = postSolution
		SolutionGuid = {975F12A4-BC4F-4DD7-80CE-343699D17F40}
	EndGlobalSection
EndGlobal
